
Microsoft Visual Studio Solution File, Format Version 12.00
# Visual Studio Version 17
VisualStudioVersion = 17.8.34525.116
MinimumVisualStudioVersion = 10.0.40219.1
Project("{FAE04EC0-301F-11D3-BF4B-00C04F79EFBC}") = "API_Vet", "API_Vet\API_Vet.csproj", "{4C3CF745-C965-4C2B-9065-3CCF692225E0}"
EndProject
Project("{FAE04EC0-301F-11D3-BF4B-00C04F79EFBC}") = "APIControllersData", "APIControllersData\APIControllersData.csproj", "{D00D70A8-5F4D-4B27-952F-6FD31FEA9154}"
EndProject
Global
	GlobalSection(SolutionConfigurationPlatforms) = preSolution
		Debug|Any CPU = Debug|Any CPU
		Release|Any CPU = Release|Any CPU
	EndGlobalSection
	GlobalSection(ProjectConfigurationPlatforms) = postSolution
		{4C3CF745-C965-4C2B-9065-3CCF692225E0}.Debug|Any CPU.ActiveCfg = Debug|Any CPU
		{4C3CF745-C965-4C2B-9065-3CCF692225E0}.Debug|Any CPU.Build.0 = Debug|Any CPU
		{4C3CF745-C965-4C2B-9065-3CCF692225E0}.Release|Any CPU.ActiveCfg = Release|Any CPU
		{4C3CF745-C965-4C2B-9065-3CCF692225E0}.Release|Any CPU.Build.0 = Release|Any CPU
		{D00D70A8-5F4D-4B27-952F-6FD31FEA9154}.Debug|Any CPU.ActiveCfg = Debug|Any CPU
		{D00D70A8-5F4D-4B27-952F-6FD31FEA9154}.Debug|Any CPU.Build.0 = Debug|Any CPU
		{D00D70A8-5F4D-4B27-952F-6FD31FEA9154}.Release|Any CPU.ActiveCfg = Release|Any CPU
		{D00D70A8-5F4D-4B27-952F-6FD31FEA9154}.Release|Any CPU.Build.0 = Release|Any CPU
	EndGlobalSection
	GlobalSection(SolutionProperties) = preSolution
		HideSolutionNode = FALSE
	EndGlobalSection
	GlobalSection(ExtensibilityGlobals) = postSolution
		SolutionGuid = {B5C5FB8A-8AE9-4678-A891-1E7EA8E55F53}
	EndGlobalSection
EndGlobal
